
Microsoft Visual Studio Solution File, Format Version 12.00
# Visual Studio Version 17
VisualStudioVersion = 17.4.33403.182
MinimumVisualStudioVersion = 10.0.40219.1
Project("{9A19103F-16F7-4668-BE54-9A1E7A4F7556}") = "ServioSoft.Api", "ServioSoft\ServioSoft.Api.csproj", "{4157966A-E4BC-45CD-9CA1-D661EDFA94D8}"
EndProject
Project("{9A19103F-16F7-4668-BE54-9A1E7A4F7556}") = "UDS.Api", "UDS\UDS.Api.csproj", "{A5ABBE56-55EC-4CCF-B565-554D97457918}"
EndProject
Project("{9A19103F-16F7-4668-BE54-9A1E7A4F7556}") = "USDTest", "USDTest\USDTest.csproj", "{5FBD924C-45F3-415B-9801-94FBFC5EACE0}"
EndProject
Project("{2150E333-8FDC-42A3-9474-1A3956D46DE8}") = "Rickandmorty", "Rickandmorty", "{4646838A-B931-46AC-BBEA-462897181573}"
	ProjectSection(SolutionItems) = preProject
		Task.txt = Task.txt
	EndProjectSection
EndProject
Project("{2150E333-8FDC-42A3-9474-1A3956D46DE8}") = "USD", "USD", "{A5BA7391-A7CB-4CF6-BC08-E2BF30C7F1CF}"
	ProjectSection(SolutionItems) = preProject
		UDS\Test-task-Dynamics-Education.pdf = UDS\Test-task-Dynamics-Education.pdf
	EndProjectSection
EndProject
Project("{2150E333-8FDC-42A3-9474-1A3956D46DE8}") = "ServioSoft", "ServioSoft", "{DD18851E-949C-45B3-B226-D0884117D531}"
	ProjectSection(SolutionItems) = preProject
		ServioSoft\README.txt = ServioSoft\README.txt
	EndProjectSection
EndProject
Project("{9A19103F-16F7-4668-BE54-9A1E7A4F7556}") = "Rickandmorty.Api", "Rickandmorty.Api\Rickandmorty.Api.csproj", "{DE6814F3-D1DF-416D-A319-216959724765}"
EndProject
Project("{9A19103F-16F7-4668-BE54-9A1E7A4F7556}") = "Rickandmorty.Contracts", "Rickandmorty.Contracts\Rickandmorty.Contracts.csproj", "{D444F112-6E83-4EFD-B98F-311737BF10D7}"
EndProject
Project("{9A19103F-16F7-4668-BE54-9A1E7A4F7556}") = "Rickandmorty.Data", "Rickandmorty.Data\Rickandmorty.Data.csproj", "{AEE53331-5A2B-48C3-BB27-436BE354741F}"
EndProject
Project("{9A19103F-16F7-4668-BE54-9A1E7A4F7556}") = "Rickandmorty.DTO", "Rickandmorty.DTO\Rickandmorty.DTO.csproj", "{1329B817-98D6-4774-9953-F3AC387067F3}"
EndProject
Project("{9A19103F-16F7-4668-BE54-9A1E7A4F7556}") = "Rickandmorty.Entity", "Rickandmorty.Entity\Rickandmorty.Entity.csproj", "{02029BA8-BAEE-425A-A420-A29FD0E21128}"
EndProject
Project("{9A19103F-16F7-4668-BE54-9A1E7A4F7556}") = "Rickandmorty.Logic", "Rickandmorty.Logic\Rickandmorty.Logic.csproj", "{B46C8C8A-115E-4760-B386-11892DDDD103}"
EndProject
Project("{2150E333-8FDC-42A3-9474-1A3956D46DE8}") = "BinaryTreeGenerics", "BinaryTreeGenerics", "{4776DE3F-1598-40F1-9312-818417A2F2B2}"
EndProject
Project("{9A19103F-16F7-4668-BE54-9A1E7A4F7556}") = "BinaryTreeGenerics", "BinaryTreeGenerics\BinaryTreeGenerics.csproj", "{CBEE6D6B-A823-4E40-B94B-FE73D7605437}"
EndProject
Project("{2150E333-8FDC-42A3-9474-1A3956D46DE8}") = "SmallTasks", "SmallTasks", "{CDF40E53-FCC0-4106-8450-7C1434925DB9}"
EndProject
Project("{9A19103F-16F7-4668-BE54-9A1E7A4F7556}") = "DelayedStreams", "DelayedStreams\DelayedStreams.csproj", "{9FFF2D75-23CD-4EC3-A665-B136A27B3C5B}"
EndProject
Project("{2150E333-8FDC-42A3-9474-1A3956D46DE8}") = "Indentity", "Indentity", "{A09B3D2C-B0B1-48F5-96B2-B023DD9B8384}"
EndProject
Project("{FAE04EC0-301F-11D3-BF4B-00C04F79EFBC}") = "Indentity", "Indentity\Indentity.csproj", "{39285D34-687E-4799-A475-448811368FC3}"
EndProject
Project("{FAE04EC0-301F-11D3-BF4B-00C04F79EFBC}") = "Server", "Server\Server.csproj", "{72D19A3A-6AF9-4CA5-87EC-252328A81F0A}"
EndProject
Project("{54A90642-561A-4BB1-A94E-469ADEE60C69}") = "Angular", "Angular\Angular.esproj", "{AC8E292C-3EC9-4393-AC23-F3AA3904141E}"
EndProject
Project("{FAE04EC0-301F-11D3-BF4B-00C04F79EFBC}") = "Client", "Client\Client.csproj", "{93D33413-3DBA-4E50-97C5-D621670A54F5}"
EndProject
Global
	GlobalSection(SolutionConfigurationPlatforms) = preSolution
		Debug|Any CPU = Debug|Any CPU
		Release|Any CPU = Release|Any CPU
	EndGlobalSection
	GlobalSection(ProjectConfigurationPlatforms) = postSolution
		{4157966A-E4BC-45CD-9CA1-D661EDFA94D8}.Debug|Any CPU.ActiveCfg = Debug|Any CPU
		{4157966A-E4BC-45CD-9CA1-D661EDFA94D8}.Debug|Any CPU.Build.0 = Debug|Any CPU
		{4157966A-E4BC-45CD-9CA1-D661EDFA94D8}.Release|Any CPU.ActiveCfg = Release|Any CPU
		{4157966A-E4BC-45CD-9CA1-D661EDFA94D8}.Release|Any CPU.Build.0 = Release|Any CPU
		{A5ABBE56-55EC-4CCF-B565-554D97457918}.Debug|Any CPU.ActiveCfg = Debug|Any CPU
		{A5ABBE56-55EC-4CCF-B565-554D97457918}.Debug|Any CPU.Build.0 = Debug|Any CPU
		{A5ABBE56-55EC-4CCF-B565-554D97457918}.Release|Any CPU.ActiveCfg = Release|Any CPU
		{A5ABBE56-55EC-4CCF-B565-554D97457918}.Release|Any CPU.Build.0 = Release|Any CPU
		{5FBD924C-45F3-415B-9801-94FBFC5EACE0}.Debug|Any CPU.ActiveCfg = Debug|Any CPU
		{5FBD924C-45F3-415B-9801-94FBFC5EACE0}.Debug|Any CPU.Build.0 = Debug|Any CPU
		{5FBD924C-45F3-415B-9801-94FBFC5EACE0}.Release|Any CPU.ActiveCfg = Release|Any CPU
		{5FBD924C-45F3-415B-9801-94FBFC5EACE0}.Release|Any CPU.Build.0 = Release|Any CPU
		{DE6814F3-D1DF-416D-A319-216959724765}.Debug|Any CPU.ActiveCfg = Debug|Any CPU
		{DE6814F3-D1DF-416D-A319-216959724765}.Debug|Any CPU.Build.0 = Debug|Any CPU
		{DE6814F3-D1DF-416D-A319-216959724765}.Release|Any CPU.ActiveCfg = Release|Any CPU
		{DE6814F3-D1DF-416D-A319-216959724765}.Release|Any CPU.Build.0 = Release|Any CPU
		{D444F112-6E83-4EFD-B98F-311737BF10D7}.Debug|Any CPU.ActiveCfg = Debug|Any CPU
		{D444F112-6E83-4EFD-B98F-311737BF10D7}.Debug|Any CPU.Build.0 = Debug|Any CPU
		{D444F112-6E83-4EFD-B98F-311737BF10D7}.Release|Any CPU.ActiveCfg = Release|Any CPU
		{D444F112-6E83-4EFD-B98F-311737BF10D7}.Release|Any CPU.Build.0 = Release|Any CPU
		{AEE53331-5A2B-48C3-BB27-436BE354741F}.Debug|Any CPU.ActiveCfg = Debug|Any CPU
		{AEE53331-5A2B-48C3-BB27-436BE354741F}.Debug|Any CPU.Build.0 = Debug|Any CPU
		{AEE53331-5A2B-48C3-BB27-436BE354741F}.Release|Any CPU.ActiveCfg = Release|Any CPU
		{AEE53331-5A2B-48C3-BB27-436BE354741F}.Release|Any CPU.Build.0 = Release|Any CPU
		{1329B817-98D6-4774-9953-F3AC387067F3}.Debug|Any CPU.ActiveCfg = Debug|Any CPU
		{1329B817-98D6-4774-9953-F3AC387067F3}.Debug|Any CPU.Build.0 = Debug|Any CPU
		{1329B817-98D6-4774-9953-F3AC387067F3}.Release|Any CPU.ActiveCfg = Release|Any CPU
		{1329B817-98D6-4774-9953-F3AC387067F3}.Release|Any CPU.Build.0 = Release|Any CPU
		{02029BA8-BAEE-425A-A420-A29FD0E21128}.Debug|Any CPU.ActiveCfg = Debug|Any CPU
		{02029BA8-BAEE-425A-A420-A29FD0E21128}.Debug|Any CPU.Build.0 = Debug|Any CPU
		{02029BA8-BAEE-425A-A420-A29FD0E21128}.Release|Any CPU.ActiveCfg = Release|Any CPU
		{02029BA8-BAEE-425A-A420-A29FD0E21128}.Release|Any CPU.Build.0 = Release|Any CPU
		{B46C8C8A-115E-4760-B386-11892DDDD103}.Debug|Any CPU.ActiveCfg = Debug|Any CPU
		{B46C8C8A-115E-4760-B386-11892DDDD103}.Debug|Any CPU.Build.0 = Debug|Any CPU
		{B46C8C8A-115E-4760-B386-11892DDDD103}.Release|Any CPU.ActiveCfg = Release|Any CPU
		{B46C8C8A-115E-4760-B386-11892DDDD103}.Release|Any CPU.Build.0 = Release|Any CPU
		{CBEE6D6B-A823-4E40-B94B-FE73D7605437}.Debug|Any CPU.ActiveCfg = Debug|Any CPU
		{CBEE6D6B-A823-4E40-B94B-FE73D7605437}.Debug|Any CPU.Build.0 = Debug|Any CPU
		{CBEE6D6B-A823-4E40-B94B-FE73D7605437}.Release|Any CPU.ActiveCfg = Release|Any CPU
		{CBEE6D6B-A823-4E40-B94B-FE73D7605437}.Release|Any CPU.Build.0 = Release|Any CPU
		{9FFF2D75-23CD-4EC3-A665-B136A27B3C5B}.Debug|Any CPU.ActiveCfg = Debug|Any CPU
		{9FFF2D75-23CD-4EC3-A665-B136A27B3C5B}.Debug|Any CPU.Build.0 = Debug|Any CPU
		{9FFF2D75-23CD-4EC3-A665-B136A27B3C5B}.Release|Any CPU.ActiveCfg = Release|Any CPU
		{9FFF2D75-23CD-4EC3-A665-B136A27B3C5B}.Release|Any CPU.Build.0 = Release|Any CPU
		{39285D34-687E-4799-A475-448811368FC3}.Debug|Any CPU.ActiveCfg = Debug|Any CPU
		{39285D34-687E-4799-A475-448811368FC3}.Debug|Any CPU.Build.0 = Debug|Any CPU
		{39285D34-687E-4799-A475-448811368FC3}.Release|Any CPU.ActiveCfg = Release|Any CPU
		{39285D34-687E-4799-A475-448811368FC3}.Release|Any CPU.Build.0 = Release|Any CPU
		{72D19A3A-6AF9-4CA5-87EC-252328A81F0A}.Debug|Any CPU.ActiveCfg = Debug|Any CPU
		{72D19A3A-6AF9-4CA5-87EC-252328A81F0A}.Debug|Any CPU.Build.0 = Debug|Any CPU
		{72D19A3A-6AF9-4CA5-87EC-252328A81F0A}.Release|Any CPU.ActiveCfg = Release|Any CPU
		{72D19A3A-6AF9-4CA5-87EC-252328A81F0A}.Release|Any CPU.Build.0 = Release|Any CPU
		{AC8E292C-3EC9-4393-AC23-F3AA3904141E}.Debug|Any CPU.ActiveCfg = Debug|Any CPU
		{AC8E292C-3EC9-4393-AC23-F3AA3904141E}.Debug|Any CPU.Build.0 = Debug|Any CPU
		{AC8E292C-3EC9-4393-AC23-F3AA3904141E}.Debug|Any CPU.Deploy.0 = Debug|Any CPU
		{AC8E292C-3EC9-4393-AC23-F3AA3904141E}.Release|Any CPU.ActiveCfg = Release|Any CPU
		{AC8E292C-3EC9-4393-AC23-F3AA3904141E}.Release|Any CPU.Build.0 = Release|Any CPU
		{AC8E292C-3EC9-4393-AC23-F3AA3904141E}.Release|Any CPU.Deploy.0 = Release|Any CPU
		{93D33413-3DBA-4E50-97C5-D621670A54F5}.Debug|Any CPU.ActiveCfg = Debug|Any CPU
		{93D33413-3DBA-4E50-97C5-D621670A54F5}.Debug|Any CPU.Build.0 = Debug|Any CPU
		{93D33413-3DBA-4E50-97C5-D621670A54F5}.Release|Any CPU.ActiveCfg = Release|Any CPU
		{93D33413-3DBA-4E50-97C5-D621670A54F5}.Release|Any CPU.Build.0 = Release|Any CPU
	EndGlobalSection
	GlobalSection(SolutionProperties) = preSolution
		HideSolutionNode = FALSE
	EndGlobalSection
	GlobalSection(NestedProjects) = preSolution
		{4157966A-E4BC-45CD-9CA1-D661EDFA94D8} = {DD18851E-949C-45B3-B226-D0884117D531}
		{A5ABBE56-55EC-4CCF-B565-554D97457918} = {A5BA7391-A7CB-4CF6-BC08-E2BF30C7F1CF}
		{5FBD924C-45F3-415B-9801-94FBFC5EACE0} = {A5BA7391-A7CB-4CF6-BC08-E2BF30C7F1CF}
		{DE6814F3-D1DF-416D-A319-216959724765} = {4646838A-B931-46AC-BBEA-462897181573}
		{D444F112-6E83-4EFD-B98F-311737BF10D7} = {4646838A-B931-46AC-BBEA-462897181573}
		{AEE53331-5A2B-48C3-BB27-436BE354741F} = {4646838A-B931-46AC-BBEA-462897181573}
		{1329B817-98D6-4774-9953-F3AC387067F3} = {4646838A-B931-46AC-BBEA-462897181573}
		{02029BA8-BAEE-425A-A420-A29FD0E21128} = {4646838A-B931-46AC-BBEA-462897181573}
		{B46C8C8A-115E-4760-B386-11892DDDD103} = {4646838A-B931-46AC-BBEA-462897181573}
		{CBEE6D6B-A823-4E40-B94B-FE73D7605437} = {4776DE3F-1598-40F1-9312-818417A2F2B2}
		{9FFF2D75-23CD-4EC3-A665-B136A27B3C5B} = {CDF40E53-FCC0-4106-8450-7C1434925DB9}
		{39285D34-687E-4799-A475-448811368FC3} = {A09B3D2C-B0B1-48F5-96B2-B023DD9B8384}
		{72D19A3A-6AF9-4CA5-87EC-252328A81F0A} = {A09B3D2C-B0B1-48F5-96B2-B023DD9B8384}
		{AC8E292C-3EC9-4393-AC23-F3AA3904141E} = {A09B3D2C-B0B1-48F5-96B2-B023DD9B8384}
		{93D33413-3DBA-4E50-97C5-D621670A54F5} = {A09B3D2C-B0B1-48F5-96B2-B023DD9B8384}
	EndGlobalSection
	GlobalSection(ExtensibilityGlobals) = postSolution
		SolutionGuid = {D0B254F9-0276-446A-84DC-B6B36CB220F8}
	EndGlobalSection
EndGlobal
